{
  "name": "settle-text",
  "version": "0.1.0",
  "lockfileVersion": 3,
  "requires": true,
  "packages": {
    "": {
      "name": "settle-text",
      "version": "0.1.0",
      "dependencies": {
        "settle-see": "file:../settle-see"
      },
      "engines": {
        "node": ">=18"
      },
      "peerDependencies": {
        "react": ">=18",
        "react-dom": ">=18"
      }
    },
    "../settle-see": {
      "version": "0.1.0",
      "peerDependencies": {
        "react": ">=18"
      },
      "peerDependenciesMeta": {
        "react": {
          "optional": true
        }
      }
    },
    "node_modules/settle-see": {
      "resolved": "../settle-see",
      "link": true
    }
  }
}
